{
  "name": "coinfi-rails",
  "requires": true,
  "lockfileVersion": 1,
  "dependencies": {
    "tachyons-custom": {
      "version": "4.9.4",
      "resolved": "https://registry.npmjs.org/tachyons-custom/-/tachyons-custom-4.9.4.tgz",
      "integrity": "sha512-RfQKSMZBC0L26VTkl6KqcNV7R/35npiC9BUejTsuXqIR1SBu2XXHz/+QmPQucYIrLblJNA84B4Wj2wTEbhbcNQ=="
    },
    "tachyons-sass": {
      "version": "4.9.2",
      "resolved": "https://registry.npmjs.org/tachyons-sass/-/tachyons-sass-4.9.2.tgz",
      "integrity": "sha512-yKvQJVKalAyfQOrhey5t1nVmDHXhEW6dXZreWdIMbzq+2H7dzS7FsiS+++m0+ThHagsEefjNLK/PfvvOOWkL1w==",
      "requires": {
        "tachyons-custom": "4.9.4"
      }
    }
  }
}
