# THIS IS AN AUTOGENERATED FILE. DO NOT EDIT THIS FILE DIRECTLY.
# yarn lockfile v1


tachyons-custom@^4.9.2:
  version "4.9.4"
  resolved "https://registry.yarnpkg.com/tachyons-custom/-/tachyons-custom-4.9.4.tgz#25ca25eb82530d3c073aa1790c03d9e404cd1da0"

tachyons-sass@^4.9.2:
  version "4.9.2"
  resolved "https://registry.yarnpkg.com/tachyons-sass/-/tachyons-sass-4.9.2.tgz#57ada3d451ad41a55793e02bad7e41ed897779ab"
  dependencies:
    tachyons-custom "^4.9.2"
